// !$*UTF8*$!
{
	archiveVersion = 1;
	classes = {
	};
	objectVersion = 46;
	objects = {

/* Begin PBXBuildFile section */
		089328B4183109F900EB84FB /* Foundation.framework in Frameworks */ = {isa = PBXBuildFile; fileRef = 089328B3183109F900EB84FB /* Foundation.framework */; };
		089328B6183109F900EB84FB /* CoreGraphics.framework in Frameworks */ = {isa = PBXBuildFile; fileRef = 089328B5183109F900EB84FB /* CoreGraphics.framework */; };
		089328B8183109F900EB84FB /* UIKit.framework in Frameworks */ = {isa = PBXBuildFile; fileRef = 089328B7183109F900EB84FB /* UIKit.framework */; };
		089328BE183109F900EB84FB /* InfoPlist.strings in Resources */ = {isa = PBXBuildFile; fileRef = 089328BC183109F900EB84FB /* InfoPlist.strings */; };
		089328C0183109F900EB84FB /* main.m in Sources */ = {isa = PBXBuildFile; fileRef = 089328BF183109F900EB84FB /* main.m */; };
		089328C4183109F900EB84FB /* AppDelegate.m in Sources */ = {isa = PBXBuildFile; fileRef = 089328C3183109F900EB84FB /* AppDelegate.m */; };
		089328C7183109F900EB84FB /* Main.storyboard in Resources */ = {isa = PBXBuildFile; fileRef = 089328C5183109F900EB84FB /* Main.storyboard */; };
		089328CA183109F900EB84FB /* ViewController.m in Sources */ = {isa = PBXBuildFile; fileRef = 089328C9183109F900EB84FB /* ViewController.m */; };
		089328CC183109F900EB84FB /* Images.xcassets in Resources */ = {isa = PBXBuildFile; fileRef = 089328CB183109F900EB84FB /* Images.xcassets */; };
		089328D3183109F900EB84FB /* XCTest.framework in Frameworks */ = {isa = PBXBuildFile; fileRef = 089328D2183109F900EB84FB /* XCTest.framework */; };
		089328D4183109F900EB84FB /* Foundation.framework in Frameworks */ = {isa = PBXBuildFile; fileRef = 089328B3183109F900EB84FB /* Foundation.framework */; };
		089328D5183109F900EB84FB /* UIKit.framework in Frameworks */ = {isa = PBXBuildFile; fileRef = 089328B7183109F900EB84FB /* UIKit.framework */; };
		089328DD183109F900EB84FB /* InfoPlist.strings in Resources */ = {isa = PBXBuildFile; fileRef = 089328DB183109F900EB84FB /* InfoPlist.strings */; };
		089328DF183109F900EB84FB /* StoryboardTestTests.m in Sources */ = {isa = PBXBuildFile; fileRef = 089328DE183109F900EB84FB /* StoryboardTestTests.m */; };
		08E47D3A18310FB800E6CD3F /* PlayerViewController.m in Sources */ = {isa = PBXBuildFile; fileRef = 08E47D3918310FB800E6CD3F /* PlayerViewController.m */; };
		08E47D3D1831100600E6CD3F /* Player.m in Sources */ = {isa = PBXBuildFile; fileRef = 08E47D3C1831100600E6CD3F /* Player.m */; };
		08E47D43183116FC00E6CD3F /* PlayerDetailsViewController.m in Sources */ = {isa = PBXBuildFile; fileRef = 08E47D42183116FC00E6CD3F /* PlayerDetailsViewController.m */; };
/* End PBXBuildFile section */

/* Begin PBXContainerItemProxy section */
		089328D6183109F900EB84FB /* PBXContainerItemProxy */ = {
			isa = PBXContainerItemProxy;
			containerPortal = 089328A8183109F900EB84FB /* Project object */;
			proxyType = 1;
			remoteGlobalIDString = 089328AF183109F900EB84FB;
			remoteInfo = StoryboardTest;
		};
/* End PBXContainerItemProxy section */

/* Begin PBXFileReference section */
		089328B0183109F900EB84FB /* StoryboardTest.app */ = {isa = PBXFileReference; explicitFileType = wrapper.application; includeInIndex = 0; path = StoryboardTest.app; sourceTree = BUILT_PRODUCTS_DIR; };
		089328B3183109F900EB84FB /* Foundation.framework */ = {isa = PBXFileReference; lastKnownFileType = wrapper.framework; name = Foundation.framework; path = System/Library/Frameworks/Foundation.framework; sourceTree = SDKROOT; };
		089328B5183109F900EB84FB /* CoreGraphics.framework */ = {isa = PBXFileReference; lastKnownFileType = wrapper.framework; name = CoreGraphics.framework; path = System/Library/Frameworks/CoreGraphics.framework; sourceTree = SDKROOT; };
		089328B7183109F900EB84FB /* UIKit.framework */ = {isa = PBXFileReference; lastKnownFileType = wrapper.framework; name = UIKit.framework; path = System/Library/Frameworks/UIKit.framework; sourceTree = SDKROOT; };
		089328BB183109F900EB84FB /* StoryboardTest-Info.plist */ = {isa = PBXFileReference; lastKnownFileType = text.plist.xml; path = "StoryboardTest-Info.plist"; sourceTree = "<group>"; };
		089328BD183109F900EB84FB /* en */ = {isa = PBXFileReference; lastKnownFileType = text.plist.strings; name = en; path = en.lproj/InfoPlist.strings; sourceTree = "<group>"; };
		089328BF183109F900EB84FB /* main.m */ = {isa = PBXFileReference; lastKnownFileType = sourcecode.c.objc; path = main.m; sourceTree = "<group>"; };
		089328C1183109F900EB84FB /* StoryboardTest-Prefix.pch */ = {isa = PBXFileReference; lastKnownFileType = sourcecode.c.h; path = "StoryboardTest-Prefix.pch"; sourceTree = "<group>"; };
		089328C2183109F900EB84FB /* AppDelegate.h */ = {isa = PBXFileReference; lastKnownFileType = sourcecode.c.h; path = AppDelegate.h; sourceTree = "<group>"; };
		089328C3183109F900EB84FB /* AppDelegate.m */ = {isa = PBXFileReference; lastKnownFileType = sourcecode.c.objc; path = AppDelegate.m; sourceTree = "<group>"; };
		089328C6183109F900EB84FB /* Base */ = {isa = PBXFileReference; lastKnownFileType = file.storyboard; name = Base; path = Base.lproj/Main.storyboard; sourceTree = "<group>"; };
		089328C8183109F900EB84FB /* ViewController.h */ = {isa = PBXFileReference; lastKnownFileType = sourcecode.c.h; path = ViewController.h; sourceTree = "<group>"; };
		089328C9183109F900EB84FB /* ViewController.m */ = {isa = PBXFileReference; lastKnownFileType = sourcecode.c.objc; path = ViewController.m; sourceTree = "<group>"; };
		089328CB183109F900EB84FB /* Images.xcassets */ = {isa = PBXFileReference; lastKnownFileType = folder.assetcatalog; path = Images.xcassets; sourceTree = "<group>"; };
		089328D1183109F900EB84FB /* StoryboardTestTests.xctest */ = {isa = PBXFileReference; explicitFileType = wrapper.cfbundle; includeInIndex = 0; path = StoryboardTestTests.xctest; sourceTree = BUILT_PRODUCTS_DIR; };
		089328D2183109F900EB84FB /* XCTest.framework */ = {isa = PBXFileReference; lastKnownFileType = wrapper.framework; name = XCTest.framework; path = Library/Frameworks/XCTest.framework; sourceTree = DEVELOPER_DIR; };
		089328DA183109F900EB84FB /* StoryboardTestTests-Info.plist */ = {isa = PBXFileReference; lastKnownFileType = text.plist.xml; path = "StoryboardTestTests-Info.plist"; sourceTree = "<group>"; };
		089328DC183109F900EB84FB /* en */ = {isa = PBXFileReference; lastKnownFileType = text.plist.strings; name = en; path = en.lproj/InfoPlist.strings; sourceTree = "<group>"; };
		089328DE183109F900EB84FB /* StoryboardTestTests.m */ = {isa = PBXFileReference; lastKnownFileType = sourcecode.c.objc; path = StoryboardTestTests.m; sourceTree = "<group>"; };
		08E47D3818310FB800E6CD3F /* PlayerViewController.h */ = {isa = PBXFileReference; fileEncoding = 4; lastKnownFileType = sourcecode.c.h; path = PlayerViewController.h; sourceTree = "<group>"; };
		08E47D3918310FB800E6CD3F /* PlayerViewController.m */ = {isa = PBXFileReference; fileEncoding = 4; lastKnownFileType = sourcecode.c.objc; path = PlayerViewController.m; sourceTree = "<group>"; };
		08E47D3B1831100600E6CD3F /* Player.h */ = {isa = PBXFileReference; fileEncoding = 4; lastKnownFileType = sourcecode.c.h; path = Player.h; sourceTree = "<group>"; };
		08E47D3C1831100600E6CD3F /* Player.m */ = {isa = PBXFileReference; fileEncoding = 4; lastKnownFileType = sourcecode.c.objc; path = Player.m; sourceTree = "<group>"; };
		08E47D41183116FC00E6CD3F /* PlayerDetailsViewController.h */ = {isa = PBXFileReference; fileEncoding = 4; lastKnownFileType = sourcecode.c.h; path = PlayerDetailsViewController.h; sourceTree = "<group>"; };
		08E47D42183116FC00E6CD3F /* PlayerDetailsViewController.m */ = {isa = PBXFileReference; fileEncoding = 4; lastKnownFileType = sourcecode.c.objc; path = PlayerDetailsViewController.m; sourceTree = "<group>"; };
/* End PBXFileReference section */

/* Begin PBXFrameworksBuildPhase section */
		089328AD183109F900EB84FB /* Frameworks */ = {
			isa = PBXFrameworksBuildPhase;
			buildActionMask = 2147483647;
			files = (
				089328B6183109F900EB84FB /* CoreGraphics.framework in Frameworks */,
				089328B8183109F900EB84FB /* UIKit.framework in Frameworks */,
				089328B4183109F900EB84FB /* Foundation.framework in Frameworks */,
			);
			runOnlyForDeploymentPostprocessing = 0;
		};
		089328CE183109F900EB84FB /* Frameworks */ = {
			isa = PBXFrameworksBuildPhase;
			buildActionMask = 2147483647;
			files = (
				089328D3183109F900EB84FB /* XCTest.framework in Frameworks */,
				089328D5183109F900EB84FB /* UIKit.framework in Frameworks */,
				089328D4183109F900EB84FB /* Foundation.framework in Frameworks */,
			);
			runOnlyForDeploymentPostprocessing = 0;
		};
/* End PBXFrameworksBuildPhase section */

/* Begin PBXGroup section */
		089328A7183109F900EB84FB = {
			isa = PBXGroup;
			children = (
				089328B9183109F900EB84FB /* StoryboardTest */,
				089328D8183109F900EB84FB /* StoryboardTestTests */,
				089328B2183109F900EB84FB /* Frameworks */,
				089328B1183109F900EB84FB /* Products */,
			);
			sourceTree = "<group>";
		};
		089328B1183109F900EB84FB /* Products */ = {
			isa = PBXGroup;
			children = (
				089328B0183109F900EB84FB /* StoryboardTest.app */,
				089328D1183109F900EB84FB /* StoryboardTestTests.xctest */,
			);
			name = Products;
			sourceTree = "<group>";
		};
		089328B2183109F900EB84FB /* Frameworks */ = {
			isa = PBXGroup;
			children = (
				089328B3183109F900EB84FB /* Foundation.framework */,
				089328B5183109F900EB84FB /* CoreGraphics.framework */,
				089328B7183109F900EB84FB /* UIKit.framework */,
				089328D2183109F900EB84FB /* XCTest.framework */,
			);
			name = Frameworks;
			sourceTree = "<group>";
		};
		089328B9183109F900EB84FB /* StoryboardTest */ = {
			isa = PBXGroup;
			children = (
				089328C2183109F900EB84FB /* AppDelegate.h */,
				089328C3183109F900EB84FB /* AppDelegate.m */,
				089328C5183109F900EB84FB /* Main.storyboard */,
				089328C8183109F900EB84FB /* ViewController.h */,
				089328C9183109F900EB84FB /* ViewController.m */,
				089328CB183109F900EB84FB /* Images.xcassets */,
				089328BA183109F900EB84FB /* Supporting Files */,
				08E47D3818310FB800E6CD3F /* PlayerViewController.h */,
				08E47D3918310FB800E6CD3F /* PlayerViewController.m */,
				08E47D3B1831100600E6CD3F /* Player.h */,
				08E47D3C1831100600E6CD3F /* Player.m */,
				08E47D41183116FC00E6CD3F /* PlayerDetailsViewController.h */,
				08E47D42183116FC00E6CD3F /* PlayerDetailsViewController.m */,
			);
			path = StoryboardTest;
			sourceTree = "<group>";
		};
		089328BA183109F900EB84FB /* Supporting Files */ = {
			isa = PBXGroup;
			children = (
				089328BB183109F900EB84FB /* StoryboardTest-Info.plist */,
				089328BC183109F900EB84FB /* InfoPlist.strings */,
				089328BF183109F900EB84FB /* main.m */,
				089328C1183109F900EB84FB /* StoryboardTest-Prefix.pch */,
			);
			name = "Supporting Files";
			sourceTree = "<group>";
		};
		089328D8183109F900EB84FB /* StoryboardTestTests */ = {
			isa = PBXGroup;
			children = (
				089328DE183109F900EB84FB /* StoryboardTestTests.m */,
				089328D9183109F900EB84FB /* Supporting Files */,
			);
			path = StoryboardTestTests;
			sourceTree = "<group>";
		};
		089328D9183109F900EB84FB /* Supporting Files */ = {
			isa = PBXGroup;
			children = (
				089328DA183109F900EB84FB /* StoryboardTestTests-Info.plist */,
				089328DB183109F900EB84FB /* InfoPlist.strings */,
			);
			name = "Supporting Files";
			sourceTree = "<group>";
		};
/* End PBXGroup section */

/* Begin PBXNativeTarget section */
		089328AF183109F900EB84FB /* StoryboardTest */ = {
			isa = PBXNativeTarget;
			buildConfigurationList = 089328E2183109F900EB84FB /* Build configuration list for PBXNativeTarget "StoryboardTest" */;
			buildPhases = (
				089328AC183109F900EB84FB /* Sources */,
				089328AD183109F900EB84FB /* Frameworks */,
				089328AE183109F900EB84FB /* Resources */,
			);
			buildRules = (
			);
			dependencies = (
			);
			name = StoryboardTest;
			productName = StoryboardTest;
			productReference = 089328B0183109F900EB84FB /* StoryboardTest.app */;
			productType = "com.apple.product-type.application";
		};
		089328D0183109F900EB84FB /* StoryboardTestTests */ = {
			isa = PBXNativeTarget;
			buildConfigurationList = 089328E5183109F900EB84FB /* Build configuration list for PBXNativeTarget "StoryboardTestTests" */;
			buildPhases = (
				089328CD183109F900EB84FB /* Sources */,
				089328CE183109F900EB84FB /* Frameworks */,
				089328CF183109F900EB84FB /* Resources */,
			);
			buildRules = (
			);
			dependencies = (
				089328D7183109F900EB84FB /* PBXTargetDependency */,
			);
			name = StoryboardTestTests;
			productName = StoryboardTestTests;
			productReference = 089328D1183109F900EB84FB /* StoryboardTestTests.xctest */;
			productType = "com.apple.product-type.bundle.unit-test";
		};
/* End PBXNativeTarget section */

/* Begin PBXProject section */
		089328A8183109F900EB84FB /* Project object */ = {
			isa = PBXProject;
			attributes = {
				LastUpgradeCheck = 0500;
				ORGANIZATIONNAME = "Heeso KIM";
				TargetAttributes = {
					089328D0183109F900EB84FB = {
						TestTargetID = 089328AF183109F900EB84FB;
					};
				};
			};
			buildConfigurationList = 089328AB183109F900EB84FB /* Build configuration list for PBXProject "StoryboardTest" */;
			compatibilityVersion = "Xcode 3.2";
			developmentRegion = English;
			hasScannedForEncodings = 0;
			knownRegions = (
				en,
				Base,
			);
			mainGroup = 089328A7183109F900EB84FB;
			productRefGroup = 089328B1183109F900EB84FB /* Products */;
			projectDirPath = "";
			projectRoot = "";
			targets = (
				089328AF183109F900EB84FB /* StoryboardTest */,
				089328D0183109F900EB84FB /* StoryboardTestTests */,
			);
		};
/* End PBXProject section */

/* Begin PBXResourcesBuildPhase section */
		089328AE183109F900EB84FB /* Resources */ = {
			isa = PBXResourcesBuildPhase;
			buildActionMask = 2147483647;
			files = (
				089328CC183109F900EB84FB /* Images.xcassets in Resources */,
				089328BE183109F900EB84FB /* InfoPlist.strings in Resources */,
				089328C7183109F900EB84FB /* Main.storyboard in Resources */,
			);
			runOnlyForDeploymentPostprocessing = 0;
		};
		089328CF183109F900EB84FB /* Resources */ = {
			isa = PBXResourcesBuildPhase;
			buildActionMask = 2147483647;
			files = (
				089328DD183109F900EB84FB /* InfoPlist.strings in Resources */,
			);
			runOnlyForDeploymentPostprocessing = 0;
		};
/* End PBXResourcesBuildPhase section */

/* Begin PBXSourcesBuildPhase section */
		089328AC183109F900EB84FB /* Sources */ = {
			isa = PBXSourcesBuildPhase;
			buildActionMask = 2147483647;
			files = (
				089328CA183109F900EB84FB /* ViewController.m in Sources */,
				08E47D3A18310FB800E6CD3F /* PlayerViewController.m in Sources */,
				08E47D43183116FC00E6CD3F /* PlayerDetailsViewController.m in Sources */,
				089328C4183109F900EB84FB /* AppDelegate.m in Sources */,
				089328C0183109F900EB84FB /* main.m in Sources */,
				08E47D3D1831100600E6CD3F /* Player.m in Sources */,
			);
			runOnlyForDeploymentPostprocessing = 0;
		};
		089328CD183109F900EB84FB /* Sources */ = {
			isa = PBXSourcesBuildPhase;
			buildActionMask = 2147483647;
			files = (
				089328DF183109F900EB84FB /* StoryboardTestTests.m in Sources */,
			);
			runOnlyForDeploymentPostprocessing = 0;
		};
/* End PBXSourcesBuildPhase section */

/* Begin PBXTargetDependency section */
		089328D7183109F900EB84FB /* PBXTargetDependency */ = {
			isa = PBXTargetDependency;
			target = 089328AF183109F900EB84FB /* StoryboardTest */;
			targetProxy = 089328D6183109F900EB84FB /* PBXContainerItemProxy */;
		};
/* End PBXTargetDependency section */

/* Begin PBXVariantGroup section */
		089328BC183109F900EB84FB /* InfoPlist.strings */ = {
			isa = PBXVariantGroup;
			children = (
				089328BD183109F900EB84FB /* en */,
			);
			name = InfoPlist.strings;
			sourceTree = "<group>";
		};
		089328C5183109F900EB84FB /* Main.storyboard */ = {
			isa = PBXVariantGroup;
			children = (
				089328C6183109F900EB84FB /* Base */,
			);
			name = Main.storyboard;
			sourceTree = "<group>";
		};
		089328DB183109F900EB84FB /* InfoPlist.strings */ = {
			isa = PBXVariantGroup;
			children = (
				089328DC183109F900EB84FB /* en */,
			);
			name = InfoPlist.strings;
			sourceTree = "<group>";
		};
/* End PBXVariantGroup section */

/* Begin XCBuildConfiguration section */
		089328E0183109F900EB84FB /* Debug */ = {
			isa = XCBuildConfiguration;
			buildSettings = {
				ALWAYS_SEARCH_USER_PATHS = NO;
				ARCHS = "$(ARCHS_STANDARD_INCLUDING_64_BIT)";
				CLANG_CXX_LANGUAGE_STANDARD = "gnu++0x";
				CLANG_CXX_LIBRARY = "libc++";
				CLANG_ENABLE_MODULES = YES;
				CLANG_ENABLE_OBJC_ARC = YES;
				CLANG_WARN_BOOL_CONVERSION = YES;
				CLANG_WARN_CONSTANT_CONVERSION = YES;
				CLANG_WARN_DIRECT_OBJC_ISA_USAGE = YES_ERROR;
				CLANG_WARN_EMPTY_BODY = YES;
				CLANG_WARN_ENUM_CONVERSION = YES;
				CLANG_WARN_INT_CONVERSION = YES;
				CLANG_WARN_OBJC_ROOT_CLASS = YES_ERROR;
				CLANG_WARN__DUPLICATE_METHOD_MATCH = YES;
				"CODE_SIGN_IDENTITY[sdk=iphoneos*]" = "iPhone Developer";
				COPY_PHASE_STRIP = NO;
				GCC_C_LANGUAGE_STANDARD = gnu99;
				GCC_DYNAMIC_NO_PIC = NO;
				GCC_OPTIMIZATION_LEVEL = 0;
				GCC_PREPROCESSOR_DEFINITIONS = (
					"DEBUG=1",
					"$(inherited)",
				);
				GCC_SYMBOLS_PRIVATE_EXTERN = NO;
				GCC_WARN_64_TO_32_BIT_CONVERSION = YES;
				GCC_WARN_ABOUT_RETURN_TYPE = YES_ERROR;
				GCC_WARN_UNDECLARED_SELECTOR = YES;
				GCC_WARN_UNINITIALIZED_AUTOS = YES;
				GCC_WARN_UNUSED_FUNCTION = YES;
				GCC_WARN_UNUSED_VARIABLE = YES;
				IPHONEOS_DEPLOYMENT_TARGET = 7.0;
				ONLY_ACTIVE_ARCH = YES;
				SDKROOT = iphoneos;
			};
			name = Debug;
		};
		089328E1183109F900EB84FB /* Release */ = {
			isa = XCBuildConfiguration;
			buildSettings = {
				ALWAYS_SEARCH_USER_PATHS = NO;
				ARCHS = "$(ARCHS_STANDARD_INCLUDING_64_BIT)";
				CLANG_CXX_LANGUAGE_STANDARD = "gnu++0x";
				CLANG_CXX_LIBRARY = "libc++";
				CLANG_ENABLE_MODULES = YES;
				CLANG_ENABLE_OBJC_ARC = YES;
				CLANG_WARN_BOOL_CONVERSION = YES;
				CLANG_WARN_CONSTANT_CONVERSION = YES;
				CLANG_WARN_DIRECT_OBJC_ISA_USAGE = YES_ERROR;
				CLANG_WARN_EMPTY_BODY = YES;
				CLANG_WARN_ENUM_CONVERSION = YES;
				CLANG_WARN_INT_CONVERSION = YES;
				CLANG_WARN_OBJC_ROOT_CLASS = YES_ERROR;
				CLANG_WARN__DUPLICATE_METHOD_MATCH = YES;
				"CODE_SIGN_IDENTITY[sdk=iphoneos*]" = "iPhone Developer";
				COPY_PHASE_STRIP = YES;
				ENABLE_NS_ASSERTIONS = NO;
				GCC_C_LANGUAGE_STANDARD = gnu99;
				GCC_WARN_64_TO_32_BIT_CONVERSION = YES;
				GCC_WARN_ABOUT_RETURN_TYPE = YES_ERROR;
				GCC_WARN_UNDECLARED_SELECTOR = YES;
				GCC_WARN_UNINITIALIZED_AUTOS = YES;
				GCC_WARN_UNUSED_FUNCTION = YES;
				GCC_WARN_UNUSED_VARIABLE = YES;
				IPHONEOS_DEPLOYMENT_TARGET = 7.0;
				SDKROOT = iphoneos;
				VALIDATE_PRODUCT = YES;
			};
			name = Release;
		};
		089328E3183109F900EB84FB /* Debug */ = {
			isa = XCBuildConfiguration;
			buildSettings = {
				ASSETCATALOG_COMPILER_APPICON_NAME = AppIcon;
				ASSETCATALOG_COMPILER_LAUNCHIMAGE_NAME = LaunchImage;
				GCC_PRECOMPILE_PREFIX_HEADER = YES;
				GCC_PREFIX_HEADER = "StoryboardTest/StoryboardTest-Prefix.pch";
				INFOPLIST_FILE = "StoryboardTest/StoryboardTest-Info.plist";
				IPHONEOS_DEPLOYMENT_TARGET = 6.0;
				PRODUCT_NAME = "$(TARGET_NAME)";
				WRAPPER_EXTENSION = app;
			};
			name = Debug;
		};
		089328E4183109F900EB84FB /* Release */ = {
			isa = XCBuildConfiguration;
			buildSettings = {
				ASSETCATALOG_COMPILER_APPICON_NAME = AppIcon;
				ASSETCATALOG_COMPILER_LAUNCHIMAGE_NAME = LaunchImage;
				GCC_PRECOMPILE_PREFIX_HEADER = YES;
				GCC_PREFIX_HEADER = "StoryboardTest/StoryboardTest-Prefix.pch";
				INFOPLIST_FILE = "StoryboardTest/StoryboardTest-Info.plist";
				IPHONEOS_DEPLOYMENT_TARGET = 6.0;
				PRODUCT_NAME = "$(TARGET_NAME)";
				WRAPPER_EXTENSION = app;
			};
			name = Release;
		};
		089328E6183109F900EB84FB /* Debug */ = {
			isa = XCBuildConfiguration;
			buildSettings = {
				ARCHS = "$(ARCHS_STANDARD_INCLUDING_64_BIT)";
				BUNDLE_LOADER = "$(BUILT_PRODUCTS_DIR)/StoryboardTest.app/StoryboardTest";
				FRAMEWORK_SEARCH_PATHS = (
					"$(SDKROOT)/Developer/Library/Frameworks",
					"$(inherited)",
					"$(DEVELOPER_FRAMEWORKS_DIR)",
				);
				GCC_PRECOMPILE_PREFIX_HEADER = YES;
				GCC_PREFIX_HEADER = "StoryboardTest/StoryboardTest-Prefix.pch";
				GCC_PREPROCESSOR_DEFINITIONS = (
					"DEBUG=1",
					"$(inherited)",
				);
				INFOPLIST_FILE = "StoryboardTestTests/StoryboardTestTests-Info.plist";
				PRODUCT_NAME = "$(TARGET_NAME)";
				TEST_HOST = "$(BUNDLE_LOADER)";
				WRAPPER_EXTENSION = xctest;
			};
			name = Debug;
		};
		089328E7183109F900EB84FB /* Release */ = {
			isa = XCBuildConfiguration;
			buildSettings = {
				ARCHS = "$(ARCHS_STANDARD_INCLUDING_64_BIT)";
				BUNDLE_LOADER = "$(BUILT_PRODUCTS_DIR)/StoryboardTest.app/StoryboardTest";
				FRAMEWORK_SEARCH_PATHS = (
					"$(SDKROOT)/Developer/Library/Frameworks",
					"$(inherited)",
					"$(DEVELOPER_FRAMEWORKS_DIR)",
				);
				GCC_PRECOMPILE_PREFIX_HEADER = YES;
				GCC_PREFIX_HEADER = "StoryboardTest/StoryboardTest-Prefix.pch";
				INFOPLIST_FILE = "StoryboardTestTests/StoryboardTestTests-Info.plist";
				PRODUCT_NAME = "$(TARGET_NAME)";
				TEST_HOST = "$(BUNDLE_LOADER)";
				WRAPPER_EXTENSION = xctest;
			};
			name = Release;
		};
/* End XCBuildConfiguration section */

/* Begin XCConfigurationList section */
		089328AB183109F900EB84FB /* Build configuration list for PBXProject "StoryboardTest" */ = {
			isa = XCConfigurationList;
			buildConfigurations = (
				089328E0183109F900EB84FB /* Debug */,
				089328E1183109F900EB84FB /* Release */,
			);
			defaultConfigurationIsVisible = 0;
			defaultConfigurationName = Release;
		};
		089328E2183109F900EB84FB /* Build configuration list for PBXNativeTarget "StoryboardTest" */ = {
			isa = XCConfigurationList;
			buildConfigurations = (
				089328E3183109F900EB84FB /* Debug */,
				089328E4183109F900EB84FB /* Release */,
			);
			defaultConfigurationIsVisible = 0;
			defaultConfigurationName = Release;
		};
		089328E5183109F900EB84FB /* Build configuration list for PBXNativeTarget "StoryboardTestTests" */ = {
			isa = XCConfigurationList;
			buildConfigurations = (
				089328E6183109F900EB84FB /* Debug */,
				089328E7183109F900EB84FB /* Release */,
			);
			defaultConfigurationIsVisible = 0;
			defaultConfigurationName = Release;
		};
/* End XCConfigurationList section */
	};
	rootObject = 089328A8183109F900EB84FB /* Project object */;
}
