// !$*UTF8*$!
{
	archiveVersion = 1;
	classes = {
	};
	objectVersion = 46;
	objects = {

/* Begin PBXBuildFile section */
		08CDE3651832819E0058184A /* Foundation.framework in Frameworks */ = {isa = PBXBuildFile; fileRef = 08CDE3641832819E0058184A /* Foundation.framework */; };
		08CDE3671832819E0058184A /* CoreGraphics.framework in Frameworks */ = {isa = PBXBuildFile; fileRef = 08CDE3661832819E0058184A /* CoreGraphics.framework */; };
		08CDE3691832819E0058184A /* UIKit.framework in Frameworks */ = {isa = PBXBuildFile; fileRef = 08CDE3681832819E0058184A /* UIKit.framework */; };
		08CDE36F1832819E0058184A /* InfoPlist.strings in Resources */ = {isa = PBXBuildFile; fileRef = 08CDE36D1832819E0058184A /* InfoPlist.strings */; };
		08CDE3711832819E0058184A /* main.m in Sources */ = {isa = PBXBuildFile; fileRef = 08CDE3701832819E0058184A /* main.m */; };
		08CDE3751832819E0058184A /* AppDelegate.m in Sources */ = {isa = PBXBuildFile; fileRef = 08CDE3741832819E0058184A /* AppDelegate.m */; };
		08CDE3781832819E0058184A /* Main.storyboard in Resources */ = {isa = PBXBuildFile; fileRef = 08CDE3761832819E0058184A /* Main.storyboard */; };
		08CDE37B1832819E0058184A /* ViewController.m in Sources */ = {isa = PBXBuildFile; fileRef = 08CDE37A1832819E0058184A /* ViewController.m */; };
		08CDE37D1832819E0058184A /* Images.xcassets in Resources */ = {isa = PBXBuildFile; fileRef = 08CDE37C1832819E0058184A /* Images.xcassets */; };
		08CDE3841832819E0058184A /* XCTest.framework in Frameworks */ = {isa = PBXBuildFile; fileRef = 08CDE3831832819E0058184A /* XCTest.framework */; };
		08CDE3851832819E0058184A /* Foundation.framework in Frameworks */ = {isa = PBXBuildFile; fileRef = 08CDE3641832819E0058184A /* Foundation.framework */; };
		08CDE3861832819E0058184A /* UIKit.framework in Frameworks */ = {isa = PBXBuildFile; fileRef = 08CDE3681832819E0058184A /* UIKit.framework */; };
		08CDE38E1832819E0058184A /* InfoPlist.strings in Resources */ = {isa = PBXBuildFile; fileRef = 08CDE38C1832819E0058184A /* InfoPlist.strings */; };
		08CDE3901832819E0058184A /* AutolayoutStudyTests.m in Sources */ = {isa = PBXBuildFile; fileRef = 08CDE38F1832819E0058184A /* AutolayoutStudyTests.m */; };
/* End PBXBuildFile section */

/* Begin PBXContainerItemProxy section */
		08CDE3871832819E0058184A /* PBXContainerItemProxy */ = {
			isa = PBXContainerItemProxy;
			containerPortal = 08CDE3591832819E0058184A /* Project object */;
			proxyType = 1;
			remoteGlobalIDString = 08CDE3601832819E0058184A;
			remoteInfo = AutolayoutStudy;
		};
/* End PBXContainerItemProxy section */

/* Begin PBXFileReference section */
		08CDE3611832819E0058184A /* AutolayoutStudy.app */ = {isa = PBXFileReference; explicitFileType = wrapper.application; includeInIndex = 0; path = AutolayoutStudy.app; sourceTree = BUILT_PRODUCTS_DIR; };
		08CDE3641832819E0058184A /* Foundation.framework */ = {isa = PBXFileReference; lastKnownFileType = wrapper.framework; name = Foundation.framework; path = System/Library/Frameworks/Foundation.framework; sourceTree = SDKROOT; };
		08CDE3661832819E0058184A /* CoreGraphics.framework */ = {isa = PBXFileReference; lastKnownFileType = wrapper.framework; name = CoreGraphics.framework; path = System/Library/Frameworks/CoreGraphics.framework; sourceTree = SDKROOT; };
		08CDE3681832819E0058184A /* UIKit.framework */ = {isa = PBXFileReference; lastKnownFileType = wrapper.framework; name = UIKit.framework; path = System/Library/Frameworks/UIKit.framework; sourceTree = SDKROOT; };
		08CDE36C1832819E0058184A /* AutolayoutStudy-Info.plist */ = {isa = PBXFileReference; lastKnownFileType = text.plist.xml; path = "AutolayoutStudy-Info.plist"; sourceTree = "<group>"; };
		08CDE36E1832819E0058184A /* en */ = {isa = PBXFileReference; lastKnownFileType = text.plist.strings; name = en; path = en.lproj/InfoPlist.strings; sourceTree = "<group>"; };
		08CDE3701832819E0058184A /* main.m */ = {isa = PBXFileReference; lastKnownFileType = sourcecode.c.objc; path = main.m; sourceTree = "<group>"; };
		08CDE3721832819E0058184A /* AutolayoutStudy-Prefix.pch */ = {isa = PBXFileReference; lastKnownFileType = sourcecode.c.h; path = "AutolayoutStudy-Prefix.pch"; sourceTree = "<group>"; };
		08CDE3731832819E0058184A /* AppDelegate.h */ = {isa = PBXFileReference; lastKnownFileType = sourcecode.c.h; path = AppDelegate.h; sourceTree = "<group>"; };
		08CDE3741832819E0058184A /* AppDelegate.m */ = {isa = PBXFileReference; lastKnownFileType = sourcecode.c.objc; path = AppDelegate.m; sourceTree = "<group>"; };
		08CDE3771832819E0058184A /* Base */ = {isa = PBXFileReference; lastKnownFileType = file.storyboard; name = Base; path = Base.lproj/Main.storyboard; sourceTree = "<group>"; };
		08CDE3791832819E0058184A /* ViewController.h */ = {isa = PBXFileReference; lastKnownFileType = sourcecode.c.h; path = ViewController.h; sourceTree = "<group>"; };
		08CDE37A1832819E0058184A /* ViewController.m */ = {isa = PBXFileReference; lastKnownFileType = sourcecode.c.objc; path = ViewController.m; sourceTree = "<group>"; };
		08CDE37C1832819E0058184A /* Images.xcassets */ = {isa = PBXFileReference; lastKnownFileType = folder.assetcatalog; path = Images.xcassets; sourceTree = "<group>"; };
		08CDE3821832819E0058184A /* AutolayoutStudyTests.xctest */ = {isa = PBXFileReference; explicitFileType = wrapper.cfbundle; includeInIndex = 0; path = AutolayoutStudyTests.xctest; sourceTree = BUILT_PRODUCTS_DIR; };
		08CDE3831832819E0058184A /* XCTest.framework */ = {isa = PBXFileReference; lastKnownFileType = wrapper.framework; name = XCTest.framework; path = Library/Frameworks/XCTest.framework; sourceTree = DEVELOPER_DIR; };
		08CDE38B1832819E0058184A /* AutolayoutStudyTests-Info.plist */ = {isa = PBXFileReference; lastKnownFileType = text.plist.xml; path = "AutolayoutStudyTests-Info.plist"; sourceTree = "<group>"; };
		08CDE38D1832819E0058184A /* en */ = {isa = PBXFileReference; lastKnownFileType = text.plist.strings; name = en; path = en.lproj/InfoPlist.strings; sourceTree = "<group>"; };
		08CDE38F1832819E0058184A /* AutolayoutStudyTests.m */ = {isa = PBXFileReference; lastKnownFileType = sourcecode.c.objc; path = AutolayoutStudyTests.m; sourceTree = "<group>"; };
/* End PBXFileReference section */

/* Begin PBXFrameworksBuildPhase section */
		08CDE35E1832819E0058184A /* Frameworks */ = {
			isa = PBXFrameworksBuildPhase;
			buildActionMask = 2147483647;
			files = (
				08CDE3671832819E0058184A /* CoreGraphics.framework in Frameworks */,
				08CDE3691832819E0058184A /* UIKit.framework in Frameworks */,
				08CDE3651832819E0058184A /* Foundation.framework in Frameworks */,
			);
			runOnlyForDeploymentPostprocessing = 0;
		};
		08CDE37F1832819E0058184A /* Frameworks */ = {
			isa = PBXFrameworksBuildPhase;
			buildActionMask = 2147483647;
			files = (
				08CDE3841832819E0058184A /* XCTest.framework in Frameworks */,
				08CDE3861832819E0058184A /* UIKit.framework in Frameworks */,
				08CDE3851832819E0058184A /* Foundation.framework in Frameworks */,
			);
			runOnlyForDeploymentPostprocessing = 0;
		};
/* End PBXFrameworksBuildPhase section */

/* Begin PBXGroup section */
		08CDE3581832819E0058184A = {
			isa = PBXGroup;
			children = (
				08CDE36A1832819E0058184A /* AutolayoutStudy */,
				08CDE3891832819E0058184A /* AutolayoutStudyTests */,
				08CDE3631832819E0058184A /* Frameworks */,
				08CDE3621832819E0058184A /* Products */,
			);
			sourceTree = "<group>";
		};
		08CDE3621832819E0058184A /* Products */ = {
			isa = PBXGroup;
			children = (
				08CDE3611832819E0058184A /* AutolayoutStudy.app */,
				08CDE3821832819E0058184A /* AutolayoutStudyTests.xctest */,
			);
			name = Products;
			sourceTree = "<group>";
		};
		08CDE3631832819E0058184A /* Frameworks */ = {
			isa = PBXGroup;
			children = (
				08CDE3641832819E0058184A /* Foundation.framework */,
				08CDE3661832819E0058184A /* CoreGraphics.framework */,
				08CDE3681832819E0058184A /* UIKit.framework */,
				08CDE3831832819E0058184A /* XCTest.framework */,
			);
			name = Frameworks;
			sourceTree = "<group>";
		};
		08CDE36A1832819E0058184A /* AutolayoutStudy */ = {
			isa = PBXGroup;
			children = (
				08CDE3731832819E0058184A /* AppDelegate.h */,
				08CDE3741832819E0058184A /* AppDelegate.m */,
				08CDE3761832819E0058184A /* Main.storyboard */,
				08CDE3791832819E0058184A /* ViewController.h */,
				08CDE37A1832819E0058184A /* ViewController.m */,
				08CDE37C1832819E0058184A /* Images.xcassets */,
				08CDE36B1832819E0058184A /* Supporting Files */,
			);
			path = AutolayoutStudy;
			sourceTree = "<group>";
		};
		08CDE36B1832819E0058184A /* Supporting Files */ = {
			isa = PBXGroup;
			children = (
				08CDE36C1832819E0058184A /* AutolayoutStudy-Info.plist */,
				08CDE36D1832819E0058184A /* InfoPlist.strings */,
				08CDE3701832819E0058184A /* main.m */,
				08CDE3721832819E0058184A /* AutolayoutStudy-Prefix.pch */,
			);
			name = "Supporting Files";
			sourceTree = "<group>";
		};
		08CDE3891832819E0058184A /* AutolayoutStudyTests */ = {
			isa = PBXGroup;
			children = (
				08CDE38F1832819E0058184A /* AutolayoutStudyTests.m */,
				08CDE38A1832819E0058184A /* Supporting Files */,
			);
			path = AutolayoutStudyTests;
			sourceTree = "<group>";
		};
		08CDE38A1832819E0058184A /* Supporting Files */ = {
			isa = PBXGroup;
			children = (
				08CDE38B1832819E0058184A /* AutolayoutStudyTests-Info.plist */,
				08CDE38C1832819E0058184A /* InfoPlist.strings */,
			);
			name = "Supporting Files";
			sourceTree = "<group>";
		};
/* End PBXGroup section */

/* Begin PBXNativeTarget section */
		08CDE3601832819E0058184A /* AutolayoutStudy */ = {
			isa = PBXNativeTarget;
			buildConfigurationList = 08CDE3931832819E0058184A /* Build configuration list for PBXNativeTarget "AutolayoutStudy" */;
			buildPhases = (
				08CDE35D1832819E0058184A /* Sources */,
				08CDE35E1832819E0058184A /* Frameworks */,
				08CDE35F1832819E0058184A /* Resources */,
			);
			buildRules = (
			);
			dependencies = (
			);
			name = AutolayoutStudy;
			productName = AutolayoutStudy;
			productReference = 08CDE3611832819E0058184A /* AutolayoutStudy.app */;
			productType = "com.apple.product-type.application";
		};
		08CDE3811832819E0058184A /* AutolayoutStudyTests */ = {
			isa = PBXNativeTarget;
			buildConfigurationList = 08CDE3961832819E0058184A /* Build configuration list for PBXNativeTarget "AutolayoutStudyTests" */;
			buildPhases = (
				08CDE37E1832819E0058184A /* Sources */,
				08CDE37F1832819E0058184A /* Frameworks */,
				08CDE3801832819E0058184A /* Resources */,
			);
			buildRules = (
			);
			dependencies = (
				08CDE3881832819E0058184A /* PBXTargetDependency */,
			);
			name = AutolayoutStudyTests;
			productName = AutolayoutStudyTests;
			productReference = 08CDE3821832819E0058184A /* AutolayoutStudyTests.xctest */;
			productType = "com.apple.product-type.bundle.unit-test";
		};
/* End PBXNativeTarget section */

/* Begin PBXProject section */
		08CDE3591832819E0058184A /* Project object */ = {
			isa = PBXProject;
			attributes = {
				LastUpgradeCheck = 0500;
				ORGANIZATIONNAME = "Heeso KIM";
				TargetAttributes = {
					08CDE3811832819E0058184A = {
						TestTargetID = 08CDE3601832819E0058184A;
					};
				};
			};
			buildConfigurationList = 08CDE35C1832819E0058184A /* Build configuration list for PBXProject "AutolayoutStudy" */;
			compatibilityVersion = "Xcode 3.2";
			developmentRegion = English;
			hasScannedForEncodings = 0;
			knownRegions = (
				en,
				Base,
			);
			mainGroup = 08CDE3581832819E0058184A;
			productRefGroup = 08CDE3621832819E0058184A /* Products */;
			projectDirPath = "";
			projectRoot = "";
			targets = (
				08CDE3601832819E0058184A /* AutolayoutStudy */,
				08CDE3811832819E0058184A /* AutolayoutStudyTests */,
			);
		};
/* End PBXProject section */

/* Begin PBXResourcesBuildPhase section */
		08CDE35F1832819E0058184A /* Resources */ = {
			isa = PBXResourcesBuildPhase;
			buildActionMask = 2147483647;
			files = (
				08CDE37D1832819E0058184A /* Images.xcassets in Resources */,
				08CDE36F1832819E0058184A /* InfoPlist.strings in Resources */,
				08CDE3781832819E0058184A /* Main.storyboard in Resources */,
			);
			runOnlyForDeploymentPostprocessing = 0;
		};
		08CDE3801832819E0058184A /* Resources */ = {
			isa = PBXResourcesBuildPhase;
			buildActionMask = 2147483647;
			files = (
				08CDE38E1832819E0058184A /* InfoPlist.strings in Resources */,
			);
			runOnlyForDeploymentPostprocessing = 0;
		};
/* End PBXResourcesBuildPhase section */

/* Begin PBXSourcesBuildPhase section */
		08CDE35D1832819E0058184A /* Sources */ = {
			isa = PBXSourcesBuildPhase;
			buildActionMask = 2147483647;
			files = (
				08CDE37B1832819E0058184A /* ViewController.m in Sources */,
				08CDE3751832819E0058184A /* AppDelegate.m in Sources */,
				08CDE3711832819E0058184A /* main.m in Sources */,
			);
			runOnlyForDeploymentPostprocessing = 0;
		};
		08CDE37E1832819E0058184A /* Sources */ = {
			isa = PBXSourcesBuildPhase;
			buildActionMask = 2147483647;
			files = (
				08CDE3901832819E0058184A /* AutolayoutStudyTests.m in Sources */,
			);
			runOnlyForDeploymentPostprocessing = 0;
		};
/* End PBXSourcesBuildPhase section */

/* Begin PBXTargetDependency section */
		08CDE3881832819E0058184A /* PBXTargetDependency */ = {
			isa = PBXTargetDependency;
			target = 08CDE3601832819E0058184A /* AutolayoutStudy */;
			targetProxy = 08CDE3871832819E0058184A /* PBXContainerItemProxy */;
		};
/* End PBXTargetDependency section */

/* Begin PBXVariantGroup section */
		08CDE36D1832819E0058184A /* InfoPlist.strings */ = {
			isa = PBXVariantGroup;
			children = (
				08CDE36E1832819E0058184A /* en */,
			);
			name = InfoPlist.strings;
			sourceTree = "<group>";
		};
		08CDE3761832819E0058184A /* Main.storyboard */ = {
			isa = PBXVariantGroup;
			children = (
				08CDE3771832819E0058184A /* Base */,
			);
			name = Main.storyboard;
			sourceTree = "<group>";
		};
		08CDE38C1832819E0058184A /* InfoPlist.strings */ = {
			isa = PBXVariantGroup;
			children = (
				08CDE38D1832819E0058184A /* en */,
			);
			name = InfoPlist.strings;
			sourceTree = "<group>";
		};
/* End PBXVariantGroup section */

/* Begin XCBuildConfiguration section */
		08CDE3911832819E0058184A /* Debug */ = {
			isa = XCBuildConfiguration;
			buildSettings = {
				ALWAYS_SEARCH_USER_PATHS = NO;
				ARCHS = "$(ARCHS_STANDARD_INCLUDING_64_BIT)";
				CLANG_CXX_LANGUAGE_STANDARD = "gnu++0x";
				CLANG_CXX_LIBRARY = "libc++";
				CLANG_ENABLE_MODULES = YES;
				CLANG_ENABLE_OBJC_ARC = YES;
				CLANG_WARN_BOOL_CONVERSION = YES;
				CLANG_WARN_CONSTANT_CONVERSION = YES;
				CLANG_WARN_DIRECT_OBJC_ISA_USAGE = YES_ERROR;
				CLANG_WARN_EMPTY_BODY = YES;
				CLANG_WARN_ENUM_CONVERSION = YES;
				CLANG_WARN_INT_CONVERSION = YES;
				CLANG_WARN_OBJC_ROOT_CLASS = YES_ERROR;
				CLANG_WARN__DUPLICATE_METHOD_MATCH = YES;
				"CODE_SIGN_IDENTITY[sdk=iphoneos*]" = "iPhone Developer";
				COPY_PHASE_STRIP = NO;
				GCC_C_LANGUAGE_STANDARD = gnu99;
				GCC_DYNAMIC_NO_PIC = NO;
				GCC_OPTIMIZATION_LEVEL = 0;
				GCC_PREPROCESSOR_DEFINITIONS = (
					"DEBUG=1",
					"$(inherited)",
				);
				GCC_SYMBOLS_PRIVATE_EXTERN = NO;
				GCC_WARN_64_TO_32_BIT_CONVERSION = YES;
				GCC_WARN_ABOUT_RETURN_TYPE = YES_ERROR;
				GCC_WARN_UNDECLARED_SELECTOR = YES;
				GCC_WARN_UNINITIALIZED_AUTOS = YES;
				GCC_WARN_UNUSED_FUNCTION = YES;
				GCC_WARN_UNUSED_VARIABLE = YES;
				IPHONEOS_DEPLOYMENT_TARGET = 7.0;
				ONLY_ACTIVE_ARCH = YES;
				SDKROOT = iphoneos;
			};
			name = Debug;
		};
		08CDE3921832819E0058184A /* Release */ = {
			isa = XCBuildConfiguration;
			buildSettings = {
				ALWAYS_SEARCH_USER_PATHS = NO;
				ARCHS = "$(ARCHS_STANDARD_INCLUDING_64_BIT)";
				CLANG_CXX_LANGUAGE_STANDARD = "gnu++0x";
				CLANG_CXX_LIBRARY = "libc++";
				CLANG_ENABLE_MODULES = YES;
				CLANG_ENABLE_OBJC_ARC = YES;
				CLANG_WARN_BOOL_CONVERSION = YES;
				CLANG_WARN_CONSTANT_CONVERSION = YES;
				CLANG_WARN_DIRECT_OBJC_ISA_USAGE = YES_ERROR;
				CLANG_WARN_EMPTY_BODY = YES;
				CLANG_WARN_ENUM_CONVERSION = YES;
				CLANG_WARN_INT_CONVERSION = YES;
				CLANG_WARN_OBJC_ROOT_CLASS = YES_ERROR;
				CLANG_WARN__DUPLICATE_METHOD_MATCH = YES;
				"CODE_SIGN_IDENTITY[sdk=iphoneos*]" = "iPhone Developer";
				COPY_PHASE_STRIP = YES;
				ENABLE_NS_ASSERTIONS = NO;
				GCC_C_LANGUAGE_STANDARD = gnu99;
				GCC_WARN_64_TO_32_BIT_CONVERSION = YES;
				GCC_WARN_ABOUT_RETURN_TYPE = YES_ERROR;
				GCC_WARN_UNDECLARED_SELECTOR = YES;
				GCC_WARN_UNINITIALIZED_AUTOS = YES;
				GCC_WARN_UNUSED_FUNCTION = YES;
				GCC_WARN_UNUSED_VARIABLE = YES;
				IPHONEOS_DEPLOYMENT_TARGET = 7.0;
				SDKROOT = iphoneos;
				VALIDATE_PRODUCT = YES;
			};
			name = Release;
		};
		08CDE3941832819E0058184A /* Debug */ = {
			isa = XCBuildConfiguration;
			buildSettings = {
				ASSETCATALOG_COMPILER_APPICON_NAME = AppIcon;
				ASSETCATALOG_COMPILER_LAUNCHIMAGE_NAME = LaunchImage;
				GCC_PRECOMPILE_PREFIX_HEADER = YES;
				GCC_PREFIX_HEADER = "AutolayoutStudy/AutolayoutStudy-Prefix.pch";
				INFOPLIST_FILE = "AutolayoutStudy/AutolayoutStudy-Info.plist";
				PRODUCT_NAME = "$(TARGET_NAME)";
				WRAPPER_EXTENSION = app;
			};
			name = Debug;
		};
		08CDE3951832819E0058184A /* Release */ = {
			isa = XCBuildConfiguration;
			buildSettings = {
				ASSETCATALOG_COMPILER_APPICON_NAME = AppIcon;
				ASSETCATALOG_COMPILER_LAUNCHIMAGE_NAME = LaunchImage;
				GCC_PRECOMPILE_PREFIX_HEADER = YES;
				GCC_PREFIX_HEADER = "AutolayoutStudy/AutolayoutStudy-Prefix.pch";
				INFOPLIST_FILE = "AutolayoutStudy/AutolayoutStudy-Info.plist";
				PRODUCT_NAME = "$(TARGET_NAME)";
				WRAPPER_EXTENSION = app;
			};
			name = Release;
		};
		08CDE3971832819E0058184A /* Debug */ = {
			isa = XCBuildConfiguration;
			buildSettings = {
				ARCHS = "$(ARCHS_STANDARD_INCLUDING_64_BIT)";
				BUNDLE_LOADER = "$(BUILT_PRODUCTS_DIR)/AutolayoutStudy.app/AutolayoutStudy";
				FRAMEWORK_SEARCH_PATHS = (
					"$(SDKROOT)/Developer/Library/Frameworks",
					"$(inherited)",
					"$(DEVELOPER_FRAMEWORKS_DIR)",
				);
				GCC_PRECOMPILE_PREFIX_HEADER = YES;
				GCC_PREFIX_HEADER = "AutolayoutStudy/AutolayoutStudy-Prefix.pch";
				GCC_PREPROCESSOR_DEFINITIONS = (
					"DEBUG=1",
					"$(inherited)",
				);
				INFOPLIST_FILE = "AutolayoutStudyTests/AutolayoutStudyTests-Info.plist";
				PRODUCT_NAME = "$(TARGET_NAME)";
				TEST_HOST = "$(BUNDLE_LOADER)";
				WRAPPER_EXTENSION = xctest;
			};
			name = Debug;
		};
		08CDE3981832819E0058184A /* Release */ = {
			isa = XCBuildConfiguration;
			buildSettings = {
				ARCHS = "$(ARCHS_STANDARD_INCLUDING_64_BIT)";
				BUNDLE_LOADER = "$(BUILT_PRODUCTS_DIR)/AutolayoutStudy.app/AutolayoutStudy";
				FRAMEWORK_SEARCH_PATHS = (
					"$(SDKROOT)/Developer/Library/Frameworks",
					"$(inherited)",
					"$(DEVELOPER_FRAMEWORKS_DIR)",
				);
				GCC_PRECOMPILE_PREFIX_HEADER = YES;
				GCC_PREFIX_HEADER = "AutolayoutStudy/AutolayoutStudy-Prefix.pch";
				INFOPLIST_FILE = "AutolayoutStudyTests/AutolayoutStudyTests-Info.plist";
				PRODUCT_NAME = "$(TARGET_NAME)";
				TEST_HOST = "$(BUNDLE_LOADER)";
				WRAPPER_EXTENSION = xctest;
			};
			name = Release;
		};
/* End XCBuildConfiguration section */

/* Begin XCConfigurationList section */
		08CDE35C1832819E0058184A /* Build configuration list for PBXProject "AutolayoutStudy" */ = {
			isa = XCConfigurationList;
			buildConfigurations = (
				08CDE3911832819E0058184A /* Debug */,
				08CDE3921832819E0058184A /* Release */,
			);
			defaultConfigurationIsVisible = 0;
			defaultConfigurationName = Release;
		};
		08CDE3931832819E0058184A /* Build configuration list for PBXNativeTarget "AutolayoutStudy" */ = {
			isa = XCConfigurationList;
			buildConfigurations = (
				08CDE3941832819E0058184A /* Debug */,
				08CDE3951832819E0058184A /* Release */,
			);
			defaultConfigurationIsVisible = 0;
		};
		08CDE3961832819E0058184A /* Build configuration list for PBXNativeTarget "AutolayoutStudyTests" */ = {
			isa = XCConfigurationList;
			buildConfigurations = (
				08CDE3971832819E0058184A /* Debug */,
				08CDE3981832819E0058184A /* Release */,
			);
			defaultConfigurationIsVisible = 0;
		};
/* End XCConfigurationList section */
	};
	rootObject = 08CDE3591832819E0058184A /* Project object */;
}
